
Microsoft Visual Studio Solution File, Format Version 12.00
# Visual Studio Version 17
VisualStudioVersion = 17.13.35931.197
MinimumVisualStudioVersion = 10.0.40219.1
Project("{FAE04EC0-301F-11D3-BF4B-00C04F79EFBC}") = "UserDatabase", "UserDatabase\UserDatabase.csproj", "{0105DB48-EDCC-4B8C-B2A7-CAE6E8C1E2DB}"
EndProject
Project("{FAE04EC0-301F-11D3-BF4B-00C04F79EFBC}") = "VehicleApp", "VehicleApp\VehicleApp.csproj", "{B0832304-0D49-4696-B576-AACACC2BF98C}"
EndProject
Global
	GlobalSection(SolutionConfigurationPlatforms) = preSolution
		Debug|Any CPU = Debug|Any CPU
		Release|Any CPU = Release|Any CPU
	EndGlobalSection
	GlobalSection(ProjectConfigurationPlatforms) = postSolution
		{0105DB48-EDCC-4B8C-B2A7-CAE6E8C1E2DB}.Debug|Any CPU.ActiveCfg = Debug|Any CPU
		{0105DB48-EDCC-4B8C-B2A7-CAE6E8C1E2DB}.Debug|Any CPU.Build.0 = Debug|Any CPU
		{0105DB48-EDCC-4B8C-B2A7-CAE6E8C1E2DB}.Release|Any CPU.ActiveCfg = Release|Any CPU
		{0105DB48-EDCC-4B8C-B2A7-CAE6E8C1E2DB}.Release|Any CPU.Build.0 = Release|Any CPU
		{B0832304-0D49-4696-B576-AACACC2BF98C}.Debug|Any CPU.ActiveCfg = Debug|Any CPU
		{B0832304-0D49-4696-B576-AACACC2BF98C}.Debug|Any CPU.Build.0 = Debug|Any CPU
		{B0832304-0D49-4696-B576-AACACC2BF98C}.Release|Any CPU.ActiveCfg = Release|Any CPU
		{B0832304-0D49-4696-B576-AACACC2BF98C}.Release|Any CPU.Build.0 = Release|Any CPU
	EndGlobalSection
	GlobalSection(SolutionProperties) = preSolution
		HideSolutionNode = FALSE
	EndGlobalSection
	GlobalSection(ExtensibilityGlobals) = postSolution
		SolutionGuid = {CF3D65A1-F1E5-4308-8727-C187E77BD614}
	EndGlobalSection
EndGlobal
