
Microsoft Visual Studio Solution File, Format Version 12.00
# Visual Studio Version 17
VisualStudioVersion = 17.13.35828.75 d17.13
MinimumVisualStudioVersion = 10.0.40219.1
Project("{FAE04EC0-301F-11D3-BF4B-00C04F79EFBC}") = "SeeSharp.Class04.Homework", "SeeSharp.Class04.Homework\SeeSharp.Class04.Homework.csproj", "{52F06486-844A-4DB6-B5A3-5C4C799F80F4}"
EndProject
Global
	GlobalSection(SolutionConfigurationPlatforms) = preSolution
		Debug|Any CPU = Debug|Any CPU
		Release|Any CPU = Release|Any CPU
	EndGlobalSection
	GlobalSection(ProjectConfigurationPlatforms) = postSolution
		{52F06486-844A-4DB6-B5A3-5C4C799F80F4}.Debug|Any CPU.ActiveCfg = Debug|Any CPU
		{52F06486-844A-4DB6-B5A3-5C4C799F80F4}.Debug|Any CPU.Build.0 = Debug|Any CPU
		{52F06486-844A-4DB6-B5A3-5C4C799F80F4}.Release|Any CPU.ActiveCfg = Release|Any CPU
		{52F06486-844A-4DB6-B5A3-5C4C799F80F4}.Release|Any CPU.Build.0 = Release|Any CPU
	EndGlobalSection
	GlobalSection(SolutionProperties) = preSolution
		HideSolutionNode = FALSE
	EndGlobalSection
	GlobalSection(ExtensibilityGlobals) = postSolution
		SolutionGuid = {329AE141-C223-4AE0-BD73-7FA38C825E8D}
	EndGlobalSection
EndGlobal
